// !$*UTF8*$!
{
	archiveVersion = 1;
	classes = {
	};
	objectVersion = 50;
	objects = {

/* Begin PBXBuildFile section */
		320275512644C93F005DC905 /* AppDelegate.swift in Sources */ = {isa = PBXBuildFile; fileRef = 320275502644C93F005DC905 /* AppDelegate.swift */; };
		320275532644C93F005DC905 /* SceneDelegate.swift in Sources */ = {isa = PBXBuildFile; fileRef = 320275522644C93F005DC905 /* SceneDelegate.swift */; };
		320275552644C93F005DC905 /* ViewController.swift in Sources */ = {isa = PBXBuildFile; fileRef = 320275542644C93F005DC905 /* ViewController.swift */; };
		320275582644C93F005DC905 /* Main.storyboard in Resources */ = {isa = PBXBuildFile; fileRef = 320275562644C93F005DC905 /* Main.storyboard */; };
		3202755A2644C942005DC905 /* Assets.xcassets in Resources */ = {isa = PBXBuildFile; fileRef = 320275592644C942005DC905 /* Assets.xcassets */; };
		3202755D2644C942005DC905 /* LaunchScreen.storyboard in Resources */ = {isa = PBXBuildFile; fileRef = 3202755B2644C942005DC905 /* LaunchScreen.storyboard */; };
		320275682644C943005DC905 /* PracticeTests.swift in Sources */ = {isa = PBXBuildFile; fileRef = 320275672644C943005DC905 /* PracticeTests.swift */; };
		320275732644C943005DC905 /* PracticeUITests.swift in Sources */ = {isa = PBXBuildFile; fileRef = 320275722644C943005DC905 /* PracticeUITests.swift */; };
		320275992644CF37005DC905 /* FirstViewController.swift in Sources */ = {isa = PBXBuildFile; fileRef = 320275982644CF37005DC905 /* FirstViewController.swift */; };
		3202759E2644CF43005DC905 /* First.storyboard in Resources */ = {isa = PBXBuildFile; fileRef = 3202759D2644CF43005DC905 /* First.storyboard */; };
/* End PBXBuildFile section */

/* Begin PBXContainerItemProxy section */
		320275642644C943005DC905 /* PBXContainerItemProxy */ = {
			isa = PBXContainerItemProxy;
			containerPortal = 320275452644C93F005DC905 /* Project object */;
			proxyType = 1;
			remoteGlobalIDString = 3202754C2644C93F005DC905;
			remoteInfo = Practice;
		};
		3202756F2644C943005DC905 /* PBXContainerItemProxy */ = {
			isa = PBXContainerItemProxy;
			containerPortal = 320275452644C93F005DC905 /* Project object */;
			proxyType = 1;
			remoteGlobalIDString = 3202754C2644C93F005DC905;
			remoteInfo = Practice;
		};
/* End PBXContainerItemProxy section */

/* Begin PBXFileReference section */
		3202754D2644C93F005DC905 /* Practice.app */ = {isa = PBXFileReference; explicitFileType = wrapper.application; includeInIndex = 0; path = Practice.app; sourceTree = BUILT_PRODUCTS_DIR; };
		320275502644C93F005DC905 /* AppDelegate.swift */ = {isa = PBXFileReference; lastKnownFileType = sourcecode.swift; path = AppDelegate.swift; sourceTree = "<group>"; };
		320275522644C93F005DC905 /* SceneDelegate.swift */ = {isa = PBXFileReference; lastKnownFileType = sourcecode.swift; path = SceneDelegate.swift; sourceTree = "<group>"; };
		320275542644C93F005DC905 /* ViewController.swift */ = {isa = PBXFileReference; lastKnownFileType = sourcecode.swift; path = ViewController.swift; sourceTree = "<group>"; };
		320275572644C93F005DC905 /* Base */ = {isa = PBXFileReference; lastKnownFileType = file.storyboard; name = Base; path = Base.lproj/Main.storyboard; sourceTree = "<group>"; };
		320275592644C942005DC905 /* Assets.xcassets */ = {isa = PBXFileReference; lastKnownFileType = folder.assetcatalog; path = Assets.xcassets; sourceTree = "<group>"; };
		3202755C2644C942005DC905 /* Base */ = {isa = PBXFileReference; lastKnownFileType = file.storyboard; name = Base; path = Base.lproj/LaunchScreen.storyboard; sourceTree = "<group>"; };
		3202755E2644C942005DC905 /* Info.plist */ = {isa = PBXFileReference; lastKnownFileType = text.plist.xml; path = Info.plist; sourceTree = "<group>"; };
		320275632644C943005DC905 /* PracticeTests.xctest */ = {isa = PBXFileReference; explicitFileType = wrapper.cfbundle; includeInIndex = 0; path = PracticeTests.xctest; sourceTree = BUILT_PRODUCTS_DIR; };
		320275672644C943005DC905 /* PracticeTests.swift */ = {isa = PBXFileReference; lastKnownFileType = sourcecode.swift; path = PracticeTests.swift; sourceTree = "<group>"; };
		320275692644C943005DC905 /* Info.plist */ = {isa = PBXFileReference; lastKnownFileType = text.plist.xml; path = Info.plist; sourceTree = "<group>"; };
		3202756E2644C943005DC905 /* PracticeUITests.xctest */ = {isa = PBXFileReference; explicitFileType = wrapper.cfbundle; includeInIndex = 0; path = PracticeUITests.xctest; sourceTree = BUILT_PRODUCTS_DIR; };
		320275722644C943005DC905 /* PracticeUITests.swift */ = {isa = PBXFileReference; lastKnownFileType = sourcecode.swift; path = PracticeUITests.swift; sourceTree = "<group>"; };
		320275742644C943005DC905 /* Info.plist */ = {isa = PBXFileReference; lastKnownFileType = text.plist.xml; path = Info.plist; sourceTree = "<group>"; };
		320275982644CF37005DC905 /* FirstViewController.swift */ = {isa = PBXFileReference; lastKnownFileType = sourcecode.swift; path = FirstViewController.swift; sourceTree = "<group>"; };
		3202759D2644CF43005DC905 /* First.storyboard */ = {isa = PBXFileReference; lastKnownFileType = file.storyboard; path = First.storyboard; sourceTree = "<group>"; };
/* End PBXFileReference section */

/* Begin PBXFrameworksBuildPhase section */
		3202754A2644C93F005DC905 /* Frameworks */ = {
			isa = PBXFrameworksBuildPhase;
			buildActionMask = 2147483647;
			files = (
			);
			runOnlyForDeploymentPostprocessing = 0;
		};
		320275602644C943005DC905 /* Frameworks */ = {
			isa = PBXFrameworksBuildPhase;
			buildActionMask = 2147483647;
			files = (
			);
			runOnlyForDeploymentPostprocessing = 0;
		};
		3202756B2644C943005DC905 /* Frameworks */ = {
			isa = PBXFrameworksBuildPhase;
			buildActionMask = 2147483647;
			files = (
			);
			runOnlyForDeploymentPostprocessing = 0;
		};
/* End PBXFrameworksBuildPhase section */

/* Begin PBXGroup section */
		320275442644C93F005DC905 = {
			isa = PBXGroup;
			children = (
				3202754F2644C93F005DC905 /* Practice */,
				320275662644C943005DC905 /* PracticeTests */,
				320275712644C943005DC905 /* PracticeUITests */,
				3202754E2644C93F005DC905 /* Products */,
			);
			sourceTree = "<group>";
		};
		3202754E2644C93F005DC905 /* Products */ = {
			isa = PBXGroup;
			children = (
				3202754D2644C93F005DC905 /* Practice.app */,
				320275632644C943005DC905 /* PracticeTests.xctest */,
				3202756E2644C943005DC905 /* PracticeUITests.xctest */,
			);
			name = Products;
			sourceTree = "<group>";
		};
		3202754F2644C93F005DC905 /* Practice */ = {
			isa = PBXGroup;
			children = (
				320275502644C93F005DC905 /* AppDelegate.swift */,
				320275522644C93F005DC905 /* SceneDelegate.swift */,
				320275542644C93F005DC905 /* ViewController.swift */,
				320275562644C93F005DC905 /* Main.storyboard */,
				320275592644C942005DC905 /* Assets.xcassets */,
				3202755B2644C942005DC905 /* LaunchScreen.storyboard */,
				3202755E2644C942005DC905 /* Info.plist */,
				320275982644CF37005DC905 /* FirstViewController.swift */,
				3202759D2644CF43005DC905 /* First.storyboard */,
			);
			path = Practice;
			sourceTree = "<group>";
		};
		320275662644C943005DC905 /* PracticeTests */ = {
			isa = PBXGroup;
			children = (
				320275672644C943005DC905 /* PracticeTests.swift */,
				320275692644C943005DC905 /* Info.plist */,
			);
			path = PracticeTests;
			sourceTree = "<group>";
		};
		320275712644C943005DC905 /* PracticeUITests */ = {
			isa = PBXGroup;
			children = (
				320275722644C943005DC905 /* PracticeUITests.swift */,
				320275742644C943005DC905 /* Info.plist */,
			);
			path = PracticeUITests;
			sourceTree = "<group>";
		};
/* End PBXGroup section */

/* Begin PBXNativeTarget section */
		3202754C2644C93F005DC905 /* Practice */ = {
			isa = PBXNativeTarget;
			buildConfigurationList = 320275772644C943005DC905 /* Build configuration list for PBXNativeTarget "Practice" */;
			buildPhases = (
				320275492644C93F005DC905 /* Sources */,
				3202754A2644C93F005DC905 /* Frameworks */,
				3202754B2644C93F005DC905 /* Resources */,
			);
			buildRules = (
			);
			dependencies = (
			);
			name = Practice;
			productName = Practice;
			productReference = 3202754D2644C93F005DC905 /* Practice.app */;
			productType = "com.apple.product-type.application";
		};
		320275622644C943005DC905 /* PracticeTests */ = {
			isa = PBXNativeTarget;
			buildConfigurationList = 3202757A2644C943005DC905 /* Build configuration list for PBXNativeTarget "PracticeTests" */;
			buildPhases = (
				3202755F2644C943005DC905 /* Sources */,
				320275602644C943005DC905 /* Frameworks */,
				320275612644C943005DC905 /* Resources */,
			);
			buildRules = (
			);
			dependencies = (
				320275652644C943005DC905 /* PBXTargetDependency */,
			);
			name = PracticeTests;
			productName = PracticeTests;
			productReference = 320275632644C943005DC905 /* PracticeTests.xctest */;
			productType = "com.apple.product-type.bundle.unit-test";
		};
		3202756D2644C943005DC905 /* PracticeUITests */ = {
			isa = PBXNativeTarget;
			buildConfigurationList = 3202757D2644C943005DC905 /* Build configuration list for PBXNativeTarget "PracticeUITests" */;
			buildPhases = (
				3202756A2644C943005DC905 /* Sources */,
				3202756B2644C943005DC905 /* Frameworks */,
				3202756C2644C943005DC905 /* Resources */,
			);
			buildRules = (
			);
			dependencies = (
				320275702644C943005DC905 /* PBXTargetDependency */,
			);
			name = PracticeUITests;
			productName = PracticeUITests;
			productReference = 3202756E2644C943005DC905 /* PracticeUITests.xctest */;
			productType = "com.apple.product-type.bundle.ui-testing";
		};
/* End PBXNativeTarget section */

/* Begin PBXProject section */
		320275452644C93F005DC905 /* Project object */ = {
			isa = PBXProject;
			attributes = {
				LastSwiftUpdateCheck = 1240;
				LastUpgradeCheck = 1240;
				TargetAttributes = {
					3202754C2644C93F005DC905 = {
						CreatedOnToolsVersion = 12.4;
					};
					320275622644C943005DC905 = {
						CreatedOnToolsVersion = 12.4;
						TestTargetID = 3202754C2644C93F005DC905;
					};
					3202756D2644C943005DC905 = {
						CreatedOnToolsVersion = 12.4;
						TestTargetID = 3202754C2644C93F005DC905;
					};
				};
			};
			buildConfigurationList = 320275482644C93F005DC905 /* Build configuration list for PBXProject "Practice" */;
			compatibilityVersion = "Xcode 9.3";
			developmentRegion = en;
			hasScannedForEncodings = 0;
			knownRegions = (
				en,
				Base,
			);
			mainGroup = 320275442644C93F005DC905;
			productRefGroup = 3202754E2644C93F005DC905 /* Products */;
			projectDirPath = "";
			projectRoot = "";
			targets = (
				3202754C2644C93F005DC905 /* Practice */,
				320275622644C943005DC905 /* PracticeTests */,
				3202756D2644C943005DC905 /* PracticeUITests */,
			);
		};
/* End PBXProject section */

/* Begin PBXResourcesBuildPhase section */
		3202754B2644C93F005DC905 /* Resources */ = {
			isa = PBXResourcesBuildPhase;
			buildActionMask = 2147483647;
			files = (
				3202755D2644C942005DC905 /* LaunchScreen.storyboard in Resources */,
				3202755A2644C942005DC905 /* Assets.xcassets in Resources */,
				320275582644C93F005DC905 /* Main.storyboard in Resources */,
				3202759E2644CF43005DC905 /* First.storyboard in Resources */,
			);
			runOnlyForDeploymentPostprocessing = 0;
		};
		320275612644C943005DC905 /* Resources */ = {
			isa = PBXResourcesBuildPhase;
			buildActionMask = 2147483647;
			files = (
			);
			runOnlyForDeploymentPostprocessing = 0;
		};
		3202756C2644C943005DC905 /* Resources */ = {
			isa = PBXResourcesBuildPhase;
			buildActionMask = 2147483647;
			files = (
			);
			runOnlyForDeploymentPostprocessing = 0;
		};
/* End PBXResourcesBuildPhase section */

/* Begin PBXSourcesBuildPhase section */
		320275492644C93F005DC905 /* Sources */ = {
			isa = PBXSourcesBuildPhase;
			buildActionMask = 2147483647;
			files = (
				320275552644C93F005DC905 /* ViewController.swift in Sources */,
				320275512644C93F005DC905 /* AppDelegate.swift in Sources */,
				320275532644C93F005DC905 /* SceneDelegate.swift in Sources */,
				320275992644CF37005DC905 /* FirstViewController.swift in Sources */,
			);
			runOnlyForDeploymentPostprocessing = 0;
		};
		3202755F2644C943005DC905 /* Sources */ = {
			isa = PBXSourcesBuildPhase;
			buildActionMask = 2147483647;
			files = (
				320275682644C943005DC905 /* PracticeTests.swift in Sources */,
			);
			runOnlyForDeploymentPostprocessing = 0;
		};
		3202756A2644C943005DC905 /* Sources */ = {
			isa = PBXSourcesBuildPhase;
			buildActionMask = 2147483647;
			files = (
				320275732644C943005DC905 /* PracticeUITests.swift in Sources */,
			);
			runOnlyForDeploymentPostprocessing = 0;
		};
/* End PBXSourcesBuildPhase section */

/* Begin PBXTargetDependency section */
		320275652644C943005DC905 /* PBXTargetDependency */ = {
			isa = PBXTargetDependency;
			target = 3202754C2644C93F005DC905 /* Practice */;
			targetProxy = 320275642644C943005DC905 /* PBXContainerItemProxy */;
		};
		320275702644C943005DC905 /* PBXTargetDependency */ = {
			isa = PBXTargetDependency;
			target = 3202754C2644C93F005DC905 /* Practice */;
			targetProxy = 3202756F2644C943005DC905 /* PBXContainerItemProxy */;
		};
/* End PBXTargetDependency section */

/* Begin PBXVariantGroup section */
		320275562644C93F005DC905 /* Main.storyboard */ = {
			isa = PBXVariantGroup;
			children = (
				320275572644C93F005DC905 /* Base */,
			);
			name = Main.storyboard;
			sourceTree = "<group>";
		};
		3202755B2644C942005DC905 /* LaunchScreen.storyboard */ = {
			isa = PBXVariantGroup;
			children = (
				3202755C2644C942005DC905 /* Base */,
			);
			name = LaunchScreen.storyboard;
			sourceTree = "<group>";
		};
/* End PBXVariantGroup section */

/* Begin XCBuildConfiguration section */
		320275752644C943005DC905 /* Debug */ = {
			isa = XCBuildConfiguration;
			buildSettings = {
				ALWAYS_SEARCH_USER_PATHS = NO;
				CLANG_ANALYZER_NONNULL = YES;
				CLANG_ANALYZER_NUMBER_OBJECT_CONVERSION = YES_AGGRESSIVE;
				CLANG_CXX_LANGUAGE_STANDARD = "gnu++14";
				CLANG_CXX_LIBRARY = "libc++";
				CLANG_ENABLE_MODULES = YES;
				CLANG_ENABLE_OBJC_ARC = YES;
				CLANG_ENABLE_OBJC_WEAK = YES;
				CLANG_WARN_BLOCK_CAPTURE_AUTORELEASING = YES;
				CLANG_WARN_BOOL_CONVERSION = YES;
				CLANG_WARN_COMMA = YES;
				CLANG_WARN_CONSTANT_CONVERSION = YES;
				CLANG_WARN_DEPRECATED_OBJC_IMPLEMENTATIONS = YES;
				CLANG_WARN_DIRECT_OBJC_ISA_USAGE = YES_ERROR;
				CLANG_WARN_DOCUMENTATION_COMMENTS = YES;
				CLANG_WARN_EMPTY_BODY = YES;
				CLANG_WARN_ENUM_CONVERSION = YES;
				CLANG_WARN_INFINITE_RECURSION = YES;
				CLANG_WARN_INT_CONVERSION = YES;
				CLANG_WARN_NON_LITERAL_NULL_CONVERSION = YES;
				CLANG_WARN_OBJC_IMPLICIT_RETAIN_SELF = YES;
				CLANG_WARN_OBJC_LITERAL_CONVERSION = YES;
				CLANG_WARN_OBJC_ROOT_CLASS = YES_ERROR;
				CLANG_WARN_QUOTED_INCLUDE_IN_FRAMEWORK_HEADER = YES;
				CLANG_WARN_RANGE_LOOP_ANALYSIS = YES;
				CLANG_WARN_STRICT_PROTOTYPES = YES;
				CLANG_WARN_SUSPICIOUS_MOVE = YES;
				CLANG_WARN_UNGUARDED_AVAILABILITY = YES_AGGRESSIVE;
				CLANG_WARN_UNREACHABLE_CODE = YES;
				CLANG_WARN__DUPLICATE_METHOD_MATCH = YES;
				COPY_PHASE_STRIP = NO;
				DEBUG_INFORMATION_FORMAT = dwarf;
				ENABLE_STRICT_OBJC_MSGSEND = YES;
				ENABLE_TESTABILITY = YES;
				GCC_C_LANGUAGE_STANDARD = gnu11;
				GCC_DYNAMIC_NO_PIC = NO;
				GCC_NO_COMMON_BLOCKS = YES;
				GCC_OPTIMIZATION_LEVEL = 0;
				GCC_PREPROCESSOR_DEFINITIONS = (
					"DEBUG=1",
					"$(inherited)",
				);
				GCC_WARN_64_TO_32_BIT_CONVERSION = YES;
				GCC_WARN_ABOUT_RETURN_TYPE = YES_ERROR;
				GCC_WARN_UNDECLARED_SELECTOR = YES;
				GCC_WARN_UNINITIALIZED_AUTOS = YES_AGGRESSIVE;
				GCC_WARN_UNUSED_FUNCTION = YES;
				GCC_WARN_UNUSED_VARIABLE = YES;
				IPHONEOS_DEPLOYMENT_TARGET = 14.4;
				MTL_ENABLE_DEBUG_INFO = INCLUDE_SOURCE;
				MTL_FAST_MATH = YES;
				ONLY_ACTIVE_ARCH = YES;
				SDKROOT = iphoneos;
				SWIFT_ACTIVE_COMPILATION_CONDITIONS = DEBUG;
				SWIFT_OPTIMIZATION_LEVEL = "-Onone";
			};
			name = Debug;
		};
		320275762644C943005DC905 /* Release */ = {
			isa = XCBuildConfiguration;
			buildSettings = {
				ALWAYS_SEARCH_USER_PATHS = NO;
				CLANG_ANALYZER_NONNULL = YES;
				CLANG_ANALYZER_NUMBER_OBJECT_CONVERSION = YES_AGGRESSIVE;
				CLANG_CXX_LANGUAGE_STANDARD = "gnu++14";
				CLANG_CXX_LIBRARY = "libc++";
				CLANG_ENABLE_MODULES = YES;
				CLANG_ENABLE_OBJC_ARC = YES;
				CLANG_ENABLE_OBJC_WEAK = YES;
				CLANG_WARN_BLOCK_CAPTURE_AUTORELEASING = YES;
				CLANG_WARN_BOOL_CONVERSION = YES;
				CLANG_WARN_COMMA = YES;
				CLANG_WARN_CONSTANT_CONVERSION = YES;
				CLANG_WARN_DEPRECATED_OBJC_IMPLEMENTATIONS = YES;
				CLANG_WARN_DIRECT_OBJC_ISA_USAGE = YES_ERROR;
				CLANG_WARN_DOCUMENTATION_COMMENTS = YES;
				CLANG_WARN_EMPTY_BODY = YES;
				CLANG_WARN_ENUM_CONVERSION = YES;
				CLANG_WARN_INFINITE_RECURSION = YES;
				CLANG_WARN_INT_CONVERSION = YES;
				CLANG_WARN_NON_LITERAL_NULL_CONVERSION = YES;
				CLANG_WARN_OBJC_IMPLICIT_RETAIN_SELF = YES;
				CLANG_WARN_OBJC_LITERAL_CONVERSION = YES;
				CLANG_WARN_OBJC_ROOT_CLASS = YES_ERROR;
				CLANG_WARN_QUOTED_INCLUDE_IN_FRAMEWORK_HEADER = YES;
				CLANG_WARN_RANGE_LOOP_ANALYSIS = YES;
				CLANG_WARN_STRICT_PROTOTYPES = YES;
				CLANG_WARN_SUSPICIOUS_MOVE = YES;
				CLANG_WARN_UNGUARDED_AVAILABILITY = YES_AGGRESSIVE;
				CLANG_WARN_UNREACHABLE_CODE = YES;
				CLANG_WARN__DUPLICATE_METHOD_MATCH = YES;
				COPY_PHASE_STRIP = NO;
				DEBUG_INFORMATION_FORMAT = "dwarf-with-dsym";
				ENABLE_NS_ASSERTIONS = NO;
				ENABLE_STRICT_OBJC_MSGSEND = YES;
				GCC_C_LANGUAGE_STANDARD = gnu11;
				GCC_NO_COMMON_BLOCKS = YES;
				GCC_WARN_64_TO_32_BIT_CONVERSION = YES;
				GCC_WARN_ABOUT_RETURN_TYPE = YES_ERROR;
				GCC_WARN_UNDECLARED_SELECTOR = YES;
				GCC_WARN_UNINITIALIZED_AUTOS = YES_AGGRESSIVE;
				GCC_WARN_UNUSED_FUNCTION = YES;
				GCC_WARN_UNUSED_VARIABLE = YES;
				IPHONEOS_DEPLOYMENT_TARGET = 14.4;
				MTL_ENABLE_DEBUG_INFO = NO;
				MTL_FAST_MATH = YES;
				SDKROOT = iphoneos;
				SWIFT_COMPILATION_MODE = wholemodule;
				SWIFT_OPTIMIZATION_LEVEL = "-O";
				VALIDATE_PRODUCT = YES;
			};
			name = Release;
		};
		320275782644C943005DC905 /* Debug */ = {
			isa = XCBuildConfiguration;
			buildSettings = {
				ASSETCATALOG_COMPILER_APPICON_NAME = AppIcon;
				ASSETCATALOG_COMPILER_GLOBAL_ACCENT_COLOR_NAME = AccentColor;
				CODE_SIGN_STYLE = Automatic;
				INFOPLIST_FILE = Practice/Info.plist;
				LD_RUNPATH_SEARCH_PATHS = (
					"$(inherited)",
					"@executable_path/Frameworks",
				);
				PRODUCT_BUNDLE_IDENTIFIER = com.practice.Practice;
				PRODUCT_NAME = "$(TARGET_NAME)";
				SWIFT_VERSION = 5.0;
				TARGETED_DEVICE_FAMILY = "1,2";
			};
			name = Debug;
		};
		320275792644C943005DC905 /* Release */ = {
			isa = XCBuildConfiguration;
			buildSettings = {
				ASSETCATALOG_COMPILER_APPICON_NAME = AppIcon;
				ASSETCATALOG_COMPILER_GLOBAL_ACCENT_COLOR_NAME = AccentColor;
				CODE_SIGN_STYLE = Automatic;
				INFOPLIST_FILE = Practice/Info.plist;
				LD_RUNPATH_SEARCH_PATHS = (
					"$(inherited)",
					"@executable_path/Frameworks",
				);
				PRODUCT_BUNDLE_IDENTIFIER = com.practice.Practice;
				PRODUCT_NAME = "$(TARGET_NAME)";
				SWIFT_VERSION = 5.0;
				TARGETED_DEVICE_FAMILY = "1,2";
			};
			name = Release;
		};
		3202757B2644C943005DC905 /* Debug */ = {
			isa = XCBuildConfiguration;
			buildSettings = {
				ALWAYS_EMBED_SWIFT_STANDARD_LIBRARIES = YES;
				BUNDLE_LOADER = "$(TEST_HOST)";
				CODE_SIGN_STYLE = Automatic;
				INFOPLIST_FILE = PracticeTests/Info.plist;
				IPHONEOS_DEPLOYMENT_TARGET = 14.4;
				LD_RUNPATH_SEARCH_PATHS = (
					"$(inherited)",
					"@executable_path/Frameworks",
					"@loader_path/Frameworks",
				);
				PRODUCT_BUNDLE_IDENTIFIER = com.practice.PracticeTests;
				PRODUCT_NAME = "$(TARGET_NAME)";
				SWIFT_VERSION = 5.0;
				TARGETED_DEVICE_FAMILY = "1,2";
				TEST_HOST = "$(BUILT_PRODUCTS_DIR)/Practice.app/Practice";
			};
			name = Debug;
		};
		3202757C2644C943005DC905 /* Release */ = {
			isa = XCBuildConfiguration;
			buildSettings = {
				ALWAYS_EMBED_SWIFT_STANDARD_LIBRARIES = YES;
				BUNDLE_LOADER = "$(TEST_HOST)";
				CODE_SIGN_STYLE = Automatic;
				INFOPLIST_FILE = PracticeTests/Info.plist;
				IPHONEOS_DEPLOYMENT_TARGET = 14.4;
				LD_RUNPATH_SEARCH_PATHS = (
					"$(inherited)",
					"@executable_path/Frameworks",
					"@loader_path/Frameworks",
				);
				PRODUCT_BUNDLE_IDENTIFIER = com.practice.PracticeTests;
				PRODUCT_NAME = "$(TARGET_NAME)";
				SWIFT_VERSION = 5.0;
				TARGETED_DEVICE_FAMILY = "1,2";
				TEST_HOST = "$(BUILT_PRODUCTS_DIR)/Practice.app/Practice";
			};
			name = Release;
		};
		3202757E2644C943005DC905 /* Debug */ = {
			isa = XCBuildConfiguration;
			buildSettings = {
				ALWAYS_EMBED_SWIFT_STANDARD_LIBRARIES = YES;
				CODE_SIGN_STYLE = Automatic;
				INFOPLIST_FILE = PracticeUITests/Info.plist;
				LD_RUNPATH_SEARCH_PATHS = (
					"$(inherited)",
					"@executable_path/Frameworks",
					"@loader_path/Frameworks",
				);
				PRODUCT_BUNDLE_IDENTIFIER = com.practice.PracticeUITests;
				PRODUCT_NAME = "$(TARGET_NAME)";
				SWIFT_VERSION = 5.0;
				TARGETED_DEVICE_FAMILY = "1,2";
				TEST_TARGET_NAME = Practice;
			};
			name = Debug;
		};
		3202757F2644C943005DC905 /* Release */ = {
			isa = XCBuildConfiguration;
			buildSettings = {
				ALWAYS_EMBED_SWIFT_STANDARD_LIBRARIES = YES;
				CODE_SIGN_STYLE = Automatic;
				INFOPLIST_FILE = PracticeUITests/Info.plist;
				LD_RUNPATH_SEARCH_PATHS = (
					"$(inherited)",
					"@executable_path/Frameworks",
					"@loader_path/Frameworks",
				);
				PRODUCT_BUNDLE_IDENTIFIER = com.practice.PracticeUITests;
				PRODUCT_NAME = "$(TARGET_NAME)";
				SWIFT_VERSION = 5.0;
				TARGETED_DEVICE_FAMILY = "1,2";
				TEST_TARGET_NAME = Practice;
			};
			name = Release;
		};
/* End XCBuildConfiguration section */

/* Begin XCConfigurationList section */
		320275482644C93F005DC905 /* Build configuration list for PBXProject "Practice" */ = {
			isa = XCConfigurationList;
			buildConfigurations = (
				320275752644C943005DC905 /* Debug */,
				320275762644C943005DC905 /* Release */,
			);
			defaultConfigurationIsVisible = 0;
			defaultConfigurationName = Release;
		};
		320275772644C943005DC905 /* Build configuration list for PBXNativeTarget "Practice" */ = {
			isa = XCConfigurationList;
			buildConfigurations = (
				320275782644C943005DC905 /* Debug */,
				320275792644C943005DC905 /* Release */,
			);
			defaultConfigurationIsVisible = 0;
			defaultConfigurationName = Release;
		};
		3202757A2644C943005DC905 /* Build configuration list for PBXNativeTarget "PracticeTests" */ = {
			isa = XCConfigurationList;
			buildConfigurations = (
				3202757B2644C943005DC905 /* Debug */,
				3202757C2644C943005DC905 /* Release */,
			);
			defaultConfigurationIsVisible = 0;
			defaultConfigurationName = Release;
		};
		3202757D2644C943005DC905 /* Build configuration list for PBXNativeTarget "PracticeUITests" */ = {
			isa = XCConfigurationList;
			buildConfigurations = (
				3202757E2644C943005DC905 /* Debug */,
				3202757F2644C943005DC905 /* Release */,
			);
			defaultConfigurationIsVisible = 0;
			defaultConfigurationName = Release;
		};
/* End XCConfigurationList section */
	};
	rootObject = 320275452644C93F005DC905 /* Project object */;
}
